// !$*UTF8*$!
{
	archiveVersion = 1;
	classes = {
	};
	objectVersion = 55;
	objects = {

/* Begin PBXBuildFile section */
		8C862BDC2905EC5200FA9AC5 /* MDB.Genre.swift in Sources */ = {isa = PBXBuildFile; fileRef = 8C862BD92905EC5200FA9AC5 /* MDB.Genre.swift */; };
		8C862BDD2905EC5200FA9AC5 /* MDB.Request.swift in Sources */ = {isa = PBXBuildFile; fileRef = 8C862BDA2905EC5200FA9AC5 /* MDB.Request.swift */; };
		8C862BDE2905EC5200FA9AC5 /* MDB.Media.swift in Sources */ = {isa = PBXBuildFile; fileRef = 8C862BDB2905EC5200FA9AC5 /* MDB.Media.swift */; };
		8C862BE429062B8500FA9AC5 /* CustomAsyncImage.swift in Sources */ = {isa = PBXBuildFile; fileRef = 8C862BE329062B8500FA9AC5 /* CustomAsyncImage.swift */; };
		8C862BE629065EC700FA9AC5 /* FeedCover.swift in Sources */ = {isa = PBXBuildFile; fileRef = 8C862BE529065EC700FA9AC5 /* FeedCover.swift */; };
		8C862BE8290668D000FA9AC5 /* SwiftUIView.swift in Sources */ = {isa = PBXBuildFile; fileRef = 8C862BE7290668D000FA9AC5 /* SwiftUIView.swift */; };
		8C877F8529018AEA00599B40 /* MovieAgendaSwiftUIApp.swift in Sources */ = {isa = PBXBuildFile; fileRef = 8C877F8429018AEA00599B40 /* MovieAgendaSwiftUIApp.swift */; };
		8C877F8729018AEA00599B40 /* FeedView.swift in Sources */ = {isa = PBXBuildFile; fileRef = 8C877F8629018AEA00599B40 /* FeedView.swift */; };
		8C877F8929018AED00599B40 /* Assets.xcassets in Resources */ = {isa = PBXBuildFile; fileRef = 8C877F8829018AED00599B40 /* Assets.xcassets */; };
		8C877F8C29018AED00599B40 /* Preview Assets.xcassets in Resources */ = {isa = PBXBuildFile; fileRef = 8C877F8B29018AED00599B40 /* Preview Assets.xcassets */; };
		8C877F93290192A800599B40 /* FeedDetail.swift in Sources */ = {isa = PBXBuildFile; fileRef = 8C877F92290192A700599B40 /* FeedDetail.swift */; };
		8C877F9E290196C300599B40 /* ModelExtensions.swift in Sources */ = {isa = PBXBuildFile; fileRef = 8C877F95290196C300599B40 /* ModelExtensions.swift */; };
		8C877FA3290196C300599B40 /* MDBServices.swift in Sources */ = {isa = PBXBuildFile; fileRef = 8C877F9B290196C300599B40 /* MDBServices.swift */; };
		8C877FA5290196C300599B40 /* Secrets.swift in Sources */ = {isa = PBXBuildFile; fileRef = 8C877F9D290196C300599B40 /* Secrets.swift */; };
		8C877FA82901973800599B40 /* CodableExtensions in Frameworks */ = {isa = PBXBuildFile; productRef = 8C877FA72901973800599B40 /* CodableExtensions */; };
/* End PBXBuildFile section */

/* Begin PBXFileReference section */
		8C862BD92905EC5200FA9AC5 /* MDB.Genre.swift */ = {isa = PBXFileReference; fileEncoding = 4; lastKnownFileType = sourcecode.swift; path = MDB.Genre.swift; sourceTree = "<group>"; };
		8C862BDA2905EC5200FA9AC5 /* MDB.Request.swift */ = {isa = PBXFileReference; fileEncoding = 4; lastKnownFileType = sourcecode.swift; path = MDB.Request.swift; sourceTree = "<group>"; };
		8C862BDB2905EC5200FA9AC5 /* MDB.Media.swift */ = {isa = PBXFileReference; fileEncoding = 4; lastKnownFileType = sourcecode.swift; path = MDB.Media.swift; sourceTree = "<group>"; };
		8C862BE329062B8500FA9AC5 /* CustomAsyncImage.swift */ = {isa = PBXFileReference; lastKnownFileType = sourcecode.swift; path = CustomAsyncImage.swift; sourceTree = "<group>"; };
		8C862BE529065EC700FA9AC5 /* FeedCover.swift */ = {isa = PBXFileReference; lastKnownFileType = sourcecode.swift; path = FeedCover.swift; sourceTree = "<group>"; };
		8C862BE7290668D000FA9AC5 /* SwiftUIView.swift */ = {isa = PBXFileReference; lastKnownFileType = sourcecode.swift; path = SwiftUIView.swift; sourceTree = "<group>"; };
		8C877F8129018AEA00599B40 /* MovieAgendaSwiftUI.app */ = {isa = PBXFileReference; explicitFileType = wrapper.application; includeInIndex = 0; path = MovieAgendaSwiftUI.app; sourceTree = BUILT_PRODUCTS_DIR; };
		8C877F8429018AEA00599B40 /* MovieAgendaSwiftUIApp.swift */ = {isa = PBXFileReference; lastKnownFileType = sourcecode.swift; path = MovieAgendaSwiftUIApp.swift; sourceTree = "<group>"; };
		8C877F8629018AEA00599B40 /* FeedView.swift */ = {isa = PBXFileReference; lastKnownFileType = sourcecode.swift; path = FeedView.swift; sourceTree = "<group>"; };
		8C877F8829018AED00599B40 /* Assets.xcassets */ = {isa = PBXFileReference; lastKnownFileType = folder.assetcatalog; path = Assets.xcassets; sourceTree = "<group>"; };
		8C877F8B29018AED00599B40 /* Preview Assets.xcassets */ = {isa = PBXFileReference; lastKnownFileType = folder.assetcatalog; path = "Preview Assets.xcassets"; sourceTree = "<group>"; };
		8C877F92290192A700599B40 /* FeedDetail.swift */ = {isa = PBXFileReference; lastKnownFileType = sourcecode.swift; path = FeedDetail.swift; sourceTree = "<group>"; };
		8C877F95290196C300599B40 /* ModelExtensions.swift */ = {isa = PBXFileReference; fileEncoding = 4; lastKnownFileType = sourcecode.swift; path = ModelExtensions.swift; sourceTree = "<group>"; };
		8C877F9B290196C300599B40 /* MDBServices.swift */ = {isa = PBXFileReference; fileEncoding = 4; lastKnownFileType = sourcecode.swift; path = MDBServices.swift; sourceTree = "<group>"; };
		8C877F9D290196C300599B40 /* Secrets.swift */ = {isa = PBXFileReference; fileEncoding = 4; lastKnownFileType = sourcecode.swift; path = Secrets.swift; sourceTree = "<group>"; };
/* End PBXFileReference section */

/* Begin PBXFrameworksBuildPhase section */
		8C877F7E29018AEA00599B40 /* Frameworks */ = {
			isa = PBXFrameworksBuildPhase;
			buildActionMask = 2147483647;
			files = (
				8C877FA82901973800599B40 /* CodableExtensions in Frameworks */,
			);
			runOnlyForDeploymentPostprocessing = 0;
		};
/* End PBXFrameworksBuildPhase section */

/* Begin PBXGroup section */
		8C862BD42905E62600FA9AC5 /* View */ = {
			isa = PBXGroup;
			children = (
				8C877F8629018AEA00599B40 /* FeedView.swift */,
				8C877F92290192A700599B40 /* FeedDetail.swift */,
				8C862BE229062B4700FA9AC5 /* ViewComponents */,
			);
			path = View;
			sourceTree = "<group>";
		};
		8C862BE229062B4700FA9AC5 /* ViewComponents */ = {
			isa = PBXGroup;
			children = (
				8C862BE329062B8500FA9AC5 /* CustomAsyncImage.swift */,
				8C862BE7290668D000FA9AC5 /* SwiftUIView.swift */,
				8C862BE529065EC700FA9AC5 /* FeedCover.swift */,
			);
			path = ViewComponents;
			sourceTree = "<group>";
		};
		8C877F7829018AEA00599B40 = {
			isa = PBXGroup;
			children = (
				8C877F8329018AEA00599B40 /* MovieAgendaSwiftUI */,
				8C877F8229018AEA00599B40 /* Products */,
			);
			sourceTree = "<group>";
		};
		8C877F8229018AEA00599B40 /* Products */ = {
			isa = PBXGroup;
			children = (
				8C877F8129018AEA00599B40 /* MovieAgendaSwiftUI.app */,
			);
			name = Products;
			sourceTree = "<group>";
		};
		8C877F8329018AEA00599B40 /* MovieAgendaSwiftUI */ = {
			isa = PBXGroup;
			children = (
				8C877F8429018AEA00599B40 /* MovieAgendaSwiftUIApp.swift */,
				8C862BD42905E62600FA9AC5 /* View */,
				8C877F94290196C300599B40 /* Model */,
				8C877F99290196C300599B40 /* Network */,
				8C877F8829018AED00599B40 /* Assets.xcassets */,
				8C877F8A29018AED00599B40 /* Preview Content */,
			);
			path = MovieAgendaSwiftUI;
			sourceTree = "<group>";
		};
		8C877F8A29018AED00599B40 /* Preview Content */ = {
			isa = PBXGroup;
			children = (
				8C877F8B29018AED00599B40 /* Preview Assets.xcassets */,
			);
			path = "Preview Content";
			sourceTree = "<group>";
		};
		8C877F94290196C300599B40 /* Model */ = {
			isa = PBXGroup;
			children = (
				8C862BDA2905EC5200FA9AC5 /* MDB.Request.swift */,
				8C862BDB2905EC5200FA9AC5 /* MDB.Media.swift */,
				8C862BD92905EC5200FA9AC5 /* MDB.Genre.swift */,
				8C877F95290196C300599B40 /* ModelExtensions.swift */,
			);
			path = Model;
			sourceTree = "<group>";
		};
		8C877F99290196C300599B40 /* Network */ = {
			isa = PBXGroup;
			children = (
				8C877F9D290196C300599B40 /* Secrets.swift */,
				8C877F9B290196C300599B40 /* MDBServices.swift */,
			);
			path = Network;
			sourceTree = "<group>";
		};
/* End PBXGroup section */

/* Begin PBXNativeTarget section */
		8C877F8029018AEA00599B40 /* MovieAgendaSwiftUI */ = {
			isa = PBXNativeTarget;
			buildConfigurationList = 8C877F8F29018AED00599B40 /* Build configuration list for PBXNativeTarget "MovieAgendaSwiftUI" */;
			buildPhases = (
				8C877F7D29018AEA00599B40 /* Sources */,
				8C877F7E29018AEA00599B40 /* Frameworks */,
				8C877F7F29018AEA00599B40 /* Resources */,
			);
			buildRules = (
			);
			dependencies = (
			);
			name = MovieAgendaSwiftUI;
			packageProductDependencies = (
				8C877FA72901973800599B40 /* CodableExtensions */,
			);
			productName = MovieAgendaSwiftUI;
			productReference = 8C877F8129018AEA00599B40 /* MovieAgendaSwiftUI.app */;
			productType = "com.apple.product-type.application";
		};
/* End PBXNativeTarget section */

/* Begin PBXProject section */
		8C877F7929018AEA00599B40 /* Project object */ = {
			isa = PBXProject;
			attributes = {
				BuildIndependentTargetsInParallel = 1;
				LastSwiftUpdateCheck = 1400;
				LastUpgradeCheck = 1400;
				TargetAttributes = {
					8C877F8029018AEA00599B40 = {
						CreatedOnToolsVersion = 14.0.1;
					};
				};
			};
			buildConfigurationList = 8C877F7C29018AEA00599B40 /* Build configuration list for PBXProject "MovieAgendaSwiftUI" */;
			compatibilityVersion = "Xcode 13.0";
			developmentRegion = en;
			hasScannedForEncodings = 0;
			knownRegions = (
				en,
				Base,
			);
			mainGroup = 8C877F7829018AEA00599B40;
			packageReferences = (
				8C877FA62901973800599B40 /* XCRemoteSwiftPackageReference "CodableExtensions" */,
			);
			productRefGroup = 8C877F8229018AEA00599B40 /* Products */;
			projectDirPath = "";
			projectRoot = "";
			targets = (
				8C877F8029018AEA00599B40 /* MovieAgendaSwiftUI */,
			);
		};
/* End PBXProject section */

/* Begin PBXResourcesBuildPhase section */
		8C877F7F29018AEA00599B40 /* Resources */ = {
			isa = PBXResourcesBuildPhase;
			buildActionMask = 2147483647;
			files = (
				8C877F8C29018AED00599B40 /* Preview Assets.xcassets in Resources */,
				8C877F8929018AED00599B40 /* Assets.xcassets in Resources */,
			);
			runOnlyForDeploymentPostprocessing = 0;
		};
/* End PBXResourcesBuildPhase section */

/* Begin PBXSourcesBuildPhase section */
		8C877F7D29018AEA00599B40 /* Sources */ = {
			isa = PBXSourcesBuildPhase;
			buildActionMask = 2147483647;
			files = (
				8C877F8729018AEA00599B40 /* FeedView.swift in Sources */,
				8C862BE429062B8500FA9AC5 /* CustomAsyncImage.swift in Sources */,
				8C862BE8290668D000FA9AC5 /* SwiftUIView.swift in Sources */,
				8C877F9E290196C300599B40 /* ModelExtensions.swift in Sources */,
				8C862BDC2905EC5200FA9AC5 /* MDB.Genre.swift in Sources */,
				8C877F93290192A800599B40 /* FeedDetail.swift in Sources */,
				8C877FA3290196C300599B40 /* MDBServices.swift in Sources */,
				8C877F8529018AEA00599B40 /* MovieAgendaSwiftUIApp.swift in Sources */,
				8C862BE629065EC700FA9AC5 /* FeedCover.swift in Sources */,
				8C877FA5290196C300599B40 /* Secrets.swift in Sources */,
				8C862BDE2905EC5200FA9AC5 /* MDB.Media.swift in Sources */,
				8C862BDD2905EC5200FA9AC5 /* MDB.Request.swift in Sources */,
			);
			runOnlyForDeploymentPostprocessing = 0;
		};
/* End PBXSourcesBuildPhase section */

/* Begin XCBuildConfiguration section */
		8C877F8D29018AED00599B40 /* Debug */ = {
			isa = XCBuildConfiguration;
			buildSettings = {
				ALWAYS_SEARCH_USER_PATHS = NO;
				CLANG_ANALYZER_NONNULL = YES;
				CLANG_ANALYZER_NUMBER_OBJECT_CONVERSION = YES_AGGRESSIVE;
				CLANG_CXX_LANGUAGE_STANDARD = "gnu++20";
				CLANG_ENABLE_MODULES = YES;
				CLANG_ENABLE_OBJC_ARC = YES;
				CLANG_ENABLE_OBJC_WEAK = YES;
				CLANG_WARN_BLOCK_CAPTURE_AUTORELEASING = YES;
				CLANG_WARN_BOOL_CONVERSION = YES;
				CLANG_WARN_COMMA = YES;
				CLANG_WARN_CONSTANT_CONVERSION = YES;
				CLANG_WARN_DEPRECATED_OBJC_IMPLEMENTATIONS = YES;
				CLANG_WARN_DIRECT_OBJC_ISA_USAGE = YES_ERROR;
				CLANG_WARN_DOCUMENTATION_COMMENTS = YES;
				CLANG_WARN_EMPTY_BODY = YES;
				CLANG_WARN_ENUM_CONVERSION = YES;
				CLANG_WARN_INFINITE_RECURSION = YES;
				CLANG_WARN_INT_CONVERSION = YES;
				CLANG_WARN_NON_LITERAL_NULL_CONVERSION = YES;
				CLANG_WARN_OBJC_IMPLICIT_RETAIN_SELF = YES;
				CLANG_WARN_OBJC_LITERAL_CONVERSION = YES;
				CLANG_WARN_OBJC_ROOT_CLASS = YES_ERROR;
				CLANG_WARN_QUOTED_INCLUDE_IN_FRAMEWORK_HEADER = YES;
				CLANG_WARN_RANGE_LOOP_ANALYSIS = YES;
				CLANG_WARN_STRICT_PROTOTYPES = YES;
				CLANG_WARN_SUSPICIOUS_MOVE = YES;
				CLANG_WARN_UNGUARDED_AVAILABILITY = YES_AGGRESSIVE;
				CLANG_WARN_UNREACHABLE_CODE = YES;
				CLANG_WARN__DUPLICATE_METHOD_MATCH = YES;
				COPY_PHASE_STRIP = NO;
				DEBUG_INFORMATION_FORMAT = dwarf;
				ENABLE_STRICT_OBJC_MSGSEND = YES;
				ENABLE_TESTABILITY = YES;
				GCC_C_LANGUAGE_STANDARD = gnu11;
				GCC_DYNAMIC_NO_PIC = NO;
				GCC_NO_COMMON_BLOCKS = YES;
				GCC_OPTIMIZATION_LEVEL = 0;
				GCC_PREPROCESSOR_DEFINITIONS = (
					"DEBUG=1",
					"$(inherited)",
				);
				GCC_WARN_64_TO_32_BIT_CONVERSION = YES;
				GCC_WARN_ABOUT_RETURN_TYPE = YES_ERROR;
				GCC_WARN_UNDECLARED_SELECTOR = YES;
				GCC_WARN_UNINITIALIZED_AUTOS = YES_AGGRESSIVE;
				GCC_WARN_UNUSED_FUNCTION = YES;
				GCC_WARN_UNUSED_VARIABLE = YES;
				IPHONEOS_DEPLOYMENT_TARGET = 16.0;
				MTL_ENABLE_DEBUG_INFO = INCLUDE_SOURCE;
				MTL_FAST_MATH = YES;
				ONLY_ACTIVE_ARCH = YES;
				SDKROOT = iphoneos;
				SWIFT_ACTIVE_COMPILATION_CONDITIONS = DEBUG;
				SWIFT_OPTIMIZATION_LEVEL = "-Onone";
			};
			name = Debug;
		};
		8C877F8E29018AED00599B40 /* Release */ = {
			isa = XCBuildConfiguration;
			buildSettings = {
				ALWAYS_SEARCH_USER_PATHS = NO;
				CLANG_ANALYZER_NONNULL = YES;
				CLANG_ANALYZER_NUMBER_OBJECT_CONVERSION = YES_AGGRESSIVE;
				CLANG_CXX_LANGUAGE_STANDARD = "gnu++20";
				CLANG_ENABLE_MODULES = YES;
				CLANG_ENABLE_OBJC_ARC = YES;
				CLANG_ENABLE_OBJC_WEAK = YES;
				CLANG_WARN_BLOCK_CAPTURE_AUTORELEASING = YES;
				CLANG_WARN_BOOL_CONVERSION = YES;
				CLANG_WARN_COMMA = YES;
				CLANG_WARN_CONSTANT_CONVERSION = YES;
				CLANG_WARN_DEPRECATED_OBJC_IMPLEMENTATIONS = YES;
				CLANG_WARN_DIRECT_OBJC_ISA_USAGE = YES_ERROR;
				CLANG_WARN_DOCUMENTATION_COMMENTS = YES;
				CLANG_WARN_EMPTY_BODY = YES;
				CLANG_WARN_ENUM_CONVERSION = YES;
				CLANG_WARN_INFINITE_RECURSION = YES;
				CLANG_WARN_INT_CONVERSION = YES;
				CLANG_WARN_NON_LITERAL_NULL_CONVERSION = YES;
				CLANG_WARN_OBJC_IMPLICIT_RETAIN_SELF = YES;
				CLANG_WARN_OBJC_LITERAL_CONVERSION = YES;
				CLANG_WARN_OBJC_ROOT_CLASS = YES_ERROR;
				CLANG_WARN_QUOTED_INCLUDE_IN_FRAMEWORK_HEADER = YES;
				CLANG_WARN_RANGE_LOOP_ANALYSIS = YES;
				CLANG_WARN_STRICT_PROTOTYPES = YES;
				CLANG_WARN_SUSPICIOUS_MOVE = YES;
				CLANG_WARN_UNGUARDED_AVAILABILITY = YES_AGGRESSIVE;
				CLANG_WARN_UNREACHABLE_CODE = YES;
				CLANG_WARN__DUPLICATE_METHOD_MATCH = YES;
				COPY_PHASE_STRIP = NO;
				DEBUG_INFORMATION_FORMAT = "dwarf-with-dsym";
				ENABLE_NS_ASSERTIONS = NO;
				ENABLE_STRICT_OBJC_MSGSEND = YES;
				GCC_C_LANGUAGE_STANDARD = gnu11;
				GCC_NO_COMMON_BLOCKS = YES;
				GCC_WARN_64_TO_32_BIT_CONVERSION = YES;
				GCC_WARN_ABOUT_RETURN_TYPE = YES_ERROR;
				GCC_WARN_UNDECLARED_SELECTOR = YES;
				GCC_WARN_UNINITIALIZED_AUTOS = YES_AGGRESSIVE;
				GCC_WARN_UNUSED_FUNCTION = YES;
				GCC_WARN_UNUSED_VARIABLE = YES;
				IPHONEOS_DEPLOYMENT_TARGET = 16.0;
				MTL_ENABLE_DEBUG_INFO = NO;
				MTL_FAST_MATH = YES;
				SDKROOT = iphoneos;
				SWIFT_COMPILATION_MODE = wholemodule;
				SWIFT_OPTIMIZATION_LEVEL = "-O";
				VALIDATE_PRODUCT = YES;
			};
			name = Release;
		};
		8C877F9029018AED00599B40 /* Debug */ = {
			isa = XCBuildConfiguration;
			buildSettings = {
				ASSETCATALOG_COMPILER_APPICON_NAME = AppIcon;
				ASSETCATALOG_COMPILER_GLOBAL_ACCENT_COLOR_NAME = AccentColor;
				CODE_SIGN_STYLE = Automatic;
				CURRENT_PROJECT_VERSION = 1;
				DEVELOPMENT_ASSET_PATHS = "\"MovieAgendaSwiftUI/Preview Content\"";
				DEVELOPMENT_TEAM = 67AYPRFZH8;
				ENABLE_PREVIEWS = YES;
				GENERATE_INFOPLIST_FILE = YES;
				INFOPLIST_KEY_UIApplicationSceneManifest_Generation = YES;
				INFOPLIST_KEY_UIApplicationSupportsIndirectInputEvents = YES;
				INFOPLIST_KEY_UILaunchScreen_Generation = YES;
				INFOPLIST_KEY_UISupportedInterfaceOrientations_iPad = "UIInterfaceOrientationPortrait UIInterfaceOrientationPortraitUpsideDown UIInterfaceOrientationLandscapeLeft UIInterfaceOrientationLandscapeRight";
				INFOPLIST_KEY_UISupportedInterfaceOrientations_iPhone = "UIInterfaceOrientationPortrait UIInterfaceOrientationLandscapeLeft UIInterfaceOrientationLandscapeRight";
				LD_RUNPATH_SEARCH_PATHS = (
					"$(inherited)",
					"@executable_path/Frameworks",
				);
				MARKETING_VERSION = 1.0;
				PRODUCT_BUNDLE_IDENTIFIER = "academy.les.inf.puc-rio.MovieAgendaSwiftUI";
				PRODUCT_NAME = "$(TARGET_NAME)";
				SWIFT_EMIT_LOC_STRINGS = YES;
				SWIFT_VERSION = 5.0;
				TARGETED_DEVICE_FAMILY = "1,2";
			};
			name = Debug;
		};
		8C877F9129018AED00599B40 /* Release */ = {
			isa = XCBuildConfiguration;
			buildSettings = {
				ASSETCATALOG_COMPILER_APPICON_NAME = AppIcon;
				ASSETCATALOG_COMPILER_GLOBAL_ACCENT_COLOR_NAME = AccentColor;
				CODE_SIGN_STYLE = Automatic;
				CURRENT_PROJECT_VERSION = 1;
				DEVELOPMENT_ASSET_PATHS = "\"MovieAgendaSwiftUI/Preview Content\"";
				DEVELOPMENT_TEAM = 67AYPRFZH8;
				ENABLE_PREVIEWS = YES;
				GENERATE_INFOPLIST_FILE = YES;
				INFOPLIST_KEY_UIApplicationSceneManifest_Generation = YES;
				INFOPLIST_KEY_UIApplicationSupportsIndirectInputEvents = YES;
				INFOPLIST_KEY_UILaunchScreen_Generation = YES;
				INFOPLIST_KEY_UISupportedInterfaceOrientations_iPad = "UIInterfaceOrientationPortrait UIInterfaceOrientationPortraitUpsideDown UIInterfaceOrientationLandscapeLeft UIInterfaceOrientationLandscapeRight";
				INFOPLIST_KEY_UISupportedInterfaceOrientations_iPhone = "UIInterfaceOrientationPortrait UIInterfaceOrientationLandscapeLeft UIInterfaceOrientationLandscapeRight";
				LD_RUNPATH_SEARCH_PATHS = (
					"$(inherited)",
					"@executable_path/Frameworks",
				);
				MARKETING_VERSION = 1.0;
				PRODUCT_BUNDLE_IDENTIFIER = "academy.les.inf.puc-rio.MovieAgendaSwiftUI";
				PRODUCT_NAME = "$(TARGET_NAME)";
				SWIFT_EMIT_LOC_STRINGS = YES;
				SWIFT_VERSION = 5.0;
				TARGETED_DEVICE_FAMILY = "1,2";
			};
			name = Release;
		};
/* End XCBuildConfiguration section */

/* Begin XCConfigurationList section */
		8C877F7C29018AEA00599B40 /* Build configuration list for PBXProject "MovieAgendaSwiftUI" */ = {
			isa = XCConfigurationList;
			buildConfigurations = (
				8C877F8D29018AED00599B40 /* Debug */,
				8C877F8E29018AED00599B40 /* Release */,
			);
			defaultConfigurationIsVisible = 0;
			defaultConfigurationName = Release;
		};
		8C877F8F29018AED00599B40 /* Build configuration list for PBXNativeTarget "MovieAgendaSwiftUI" */ = {
			isa = XCConfigurationList;
			buildConfigurations = (
				8C877F9029018AED00599B40 /* Debug */,
				8C877F9129018AED00599B40 /* Release */,
			);
			defaultConfigurationIsVisible = 0;
			defaultConfigurationName = Release;
		};
/* End XCConfigurationList section */

/* Begin XCRemoteSwiftPackageReference section */
		8C877FA62901973800599B40 /* XCRemoteSwiftPackageReference "CodableExtensions" */ = {
			isa = XCRemoteSwiftPackageReference;
			repositoryURL = "https://github.com/rvenieris/CodableExtensions.git";
			requirement = {
				branch = main;
				kind = branch;
			};
		};
/* End XCRemoteSwiftPackageReference section */

/* Begin XCSwiftPackageProductDependency section */
		8C877FA72901973800599B40 /* CodableExtensions */ = {
			isa = XCSwiftPackageProductDependency;
			package = 8C877FA62901973800599B40 /* XCRemoteSwiftPackageReference "CodableExtensions" */;
			productName = CodableExtensions;
		};
/* End XCSwiftPackageProductDependency section */
	};
	rootObject = 8C877F7929018AEA00599B40 /* Project object */;
}
